// !$*UTF8*$!
{
	archiveVersion = 1;
	classes = {
	};
	objectVersion = 46;
	objects = {

/* Begin PBXBuildFile section */
		D09C80481B79A3910090EC2A /* AppDelegate.m in Sources */ = {isa = PBXBuildFile; fileRef = D09C80471B79A3910090EC2A /* AppDelegate.m */; };
		D09C804A1B79A3910090EC2A /* main.m in Sources */ = {isa = PBXBuildFile; fileRef = D09C80491B79A3910090EC2A /* main.m */; };
		D09C804C1B79A3910090EC2A /* Images.xcassets in Resources */ = {isa = PBXBuildFile; fileRef = D09C804B1B79A3910090EC2A /* Images.xcassets */; };
		D09C804F1B79A3910090EC2A /* MainMenu.xib in Resources */ = {isa = PBXBuildFile; fileRef = D09C804D1B79A3910090EC2A /* MainMenu.xib */; };
		D09C805B1B79A3910090EC2A /* TGStreamMacDemoTests.m in Sources */ = {isa = PBXBuildFile; fileRef = D09C805A1B79A3910090EC2A /* TGStreamMacDemoTests.m */; };
		D09C80711B79B9590090EC2A /* OneCheckSumFail.txt in Resources */ = {isa = PBXBuildFile; fileRef = D09C806F1B79B9590090EC2A /* OneCheckSumFail.txt */; };
		D09C80721B79B9590090EC2A /* sample_data.txt in Resources */ = {isa = PBXBuildFile; fileRef = D09C80701B79B9590090EC2A /* sample_data.txt */; };
		E3968BF61D1A677700803B6C /* Info.plist in Resources */ = {isa = PBXBuildFile; fileRef = E3968BDF1D1A677700803B6C /* Info.plist */; };
		E3968BF71D1A677700803B6C /* ORSSerialPort.m in Sources */ = {isa = PBXBuildFile; fileRef = E3968BE21D1A677700803B6C /* ORSSerialPort.m */; };
		E3968BF81D1A677700803B6C /* ORSSerialPortManager.m in Sources */ = {isa = PBXBuildFile; fileRef = E3968BE41D1A677700803B6C /* ORSSerialPortManager.m */; };
		E3968BF91D1A677700803B6C /* ORSSerialRequest.m in Sources */ = {isa = PBXBuildFile; fileRef = E3968BE61D1A677700803B6C /* ORSSerialRequest.m */; };
		E3968BFA1D1A677700803B6C /* TGSEEGPower.m in Sources */ = {isa = PBXBuildFile; fileRef = E3968BE91D1A677700803B6C /* TGSEEGPower.m */; };
		E3968BFB1D1A677700803B6C /* TGSIParser.m in Sources */ = {isa = PBXBuildFile; fileRef = E3968BEB1D1A677700803B6C /* TGSIParser.m */; };
		E3968BFC1D1A677700803B6C /* TGSNormalParser.m in Sources */ = {isa = PBXBuildFile; fileRef = E3968BED1D1A677700803B6C /* TGSNormalParser.m */; };
		E3968BFD1D1A677700803B6C /* TGSFileLogMacro.m in Sources */ = {isa = PBXBuildFile; fileRef = E3968BF11D1A677700803B6C /* TGSFileLogMacro.m */; };
		E3968BFE1D1A677700803B6C /* TGStreamForMac.m in Sources */ = {isa = PBXBuildFile; fileRef = E3968BF31D1A677700803B6C /* TGStreamForMac.m */; };
		E3968BFF1D1A677700803B6C /* utility.m in Sources */ = {isa = PBXBuildFile; fileRef = E3968BF51D1A677700803B6C /* utility.m */; };
		E3968C041D1A8ADE00803B6C /* ORSSerialBuffer.m in Sources */ = {isa = PBXBuildFile; fileRef = E3968C011D1A8ADE00803B6C /* ORSSerialBuffer.m */; };
		E3968C051D1A8ADE00803B6C /* ORSSerialPacketDescriptor.m in Sources */ = {isa = PBXBuildFile; fileRef = E3968C031D1A8ADE00803B6C /* ORSSerialPacketDescriptor.m */; };
		E3AD03221D337A8C000901F3 /* TGBlink.m in Sources */ = {isa = PBXBuildFile; fileRef = E3AD03211D337A8C000901F3 /* TGBlink.m */; };
/* End PBXBuildFile section */

/* Begin PBXContainerItemProxy section */
		D09C80551B79A3910090EC2A /* PBXContainerItemProxy */ = {
			isa = PBXContainerItemProxy;
			containerPortal = D09C80391B79A3910090EC2A /* Project object */;
			proxyType = 1;
			remoteGlobalIDString = D09C80401B79A3910090EC2A;
			remoteInfo = TGStreamMacDemo;
		};
/* End PBXContainerItemProxy section */

/* Begin PBXCopyFilesBuildPhase section */
		D09C806D1B79B8F10090EC2A /* Embed Frameworks */ = {
			isa = PBXCopyFilesBuildPhase;
			buildActionMask = 2147483647;
			dstPath = "";
			dstSubfolderSpec = 10;
			files = (
			);
			name = "Embed Frameworks";
			runOnlyForDeploymentPostprocessing = 0;
		};
/* End PBXCopyFilesBuildPhase section */

/* Begin PBXFileReference section */
		D09C80411B79A3910090EC2A /* TGStreamMacDemo.app */ = {isa = PBXFileReference; explicitFileType = wrapper.application; includeInIndex = 0; path = TGStreamMacDemo.app; sourceTree = BUILT_PRODUCTS_DIR; };
		D09C80451B79A3910090EC2A /* Info.plist */ = {isa = PBXFileReference; lastKnownFileType = text.plist.xml; path = Info.plist; sourceTree = "<group>"; };
		D09C80461B79A3910090EC2A /* AppDelegate.h */ = {isa = PBXFileReference; lastKnownFileType = sourcecode.c.h; path = AppDelegate.h; sourceTree = "<group>"; };
		D09C80471B79A3910090EC2A /* AppDelegate.m */ = {isa = PBXFileReference; lastKnownFileType = sourcecode.c.objc; path = AppDelegate.m; sourceTree = "<group>"; };
		D09C80491B79A3910090EC2A /* main.m */ = {isa = PBXFileReference; lastKnownFileType = sourcecode.c.objc; path = main.m; sourceTree = "<group>"; };
		D09C804B1B79A3910090EC2A /* Images.xcassets */ = {isa = PBXFileReference; lastKnownFileType = folder.assetcatalog; path = Images.xcassets; sourceTree = "<group>"; };
		D09C804E1B79A3910090EC2A /* Base */ = {isa = PBXFileReference; lastKnownFileType = file.xib; name = Base; path = Base.lproj/MainMenu.xib; sourceTree = "<group>"; };
		D09C80541B79A3910090EC2A /* TGStreamMacDemoTests.xctest */ = {isa = PBXFileReference; explicitFileType = wrapper.cfbundle; includeInIndex = 0; path = TGStreamMacDemoTests.xctest; sourceTree = BUILT_PRODUCTS_DIR; };
		D09C80591B79A3910090EC2A /* Info.plist */ = {isa = PBXFileReference; lastKnownFileType = text.plist.xml; path = Info.plist; sourceTree = "<group>"; };
		D09C805A1B79A3910090EC2A /* TGStreamMacDemoTests.m */ = {isa = PBXFileReference; lastKnownFileType = sourcecode.c.objc; path = TGStreamMacDemoTests.m; sourceTree = "<group>"; };
		D09C806F1B79B9590090EC2A /* OneCheckSumFail.txt */ = {isa = PBXFileReference; fileEncoding = 4; lastKnownFileType = text; name = OneCheckSumFail.txt; path = sampleData/OneCheckSumFail.txt; sourceTree = "<group>"; };
		D09C80701B79B9590090EC2A /* sample_data.txt */ = {isa = PBXFileReference; fileEncoding = 4; lastKnownFileType = text; name = sample_data.txt; path = sampleData/sample_data.txt; sourceTree = "<group>"; };
		E374F6FC1D9B9E0A00CB33D8 /* TGStreamMacDemo.entitlements */ = {isa = PBXFileReference; lastKnownFileType = text.plist.entitlements; path = TGStreamMacDemo.entitlements; sourceTree = "<group>"; };
		E3968BDF1D1A677700803B6C /* Info.plist */ = {isa = PBXFileReference; fileEncoding = 4; lastKnownFileType = text.plist.xml; name = Info.plist; path = ../../TGStreamMac/Info.plist; sourceTree = "<group>"; };
		E3968BE11D1A677700803B6C /* ORSSerialPort.h */ = {isa = PBXFileReference; fileEncoding = 4; lastKnownFileType = sourcecode.c.h; path = ORSSerialPort.h; sourceTree = "<group>"; };
		E3968BE21D1A677700803B6C /* ORSSerialPort.m */ = {isa = PBXFileReference; fileEncoding = 4; lastKnownFileType = sourcecode.c.objc; path = ORSSerialPort.m; sourceTree = "<group>"; };
		E3968BE31D1A677700803B6C /* ORSSerialPortManager.h */ = {isa = PBXFileReference; fileEncoding = 4; lastKnownFileType = sourcecode.c.h; path = ORSSerialPortManager.h; sourceTree = "<group>"; };
		E3968BE41D1A677700803B6C /* ORSSerialPortManager.m */ = {isa = PBXFileReference; fileEncoding = 4; lastKnownFileType = sourcecode.c.objc; path = ORSSerialPortManager.m; sourceTree = "<group>"; };
		E3968BE51D1A677700803B6C /* ORSSerialRequest.h */ = {isa = PBXFileReference; fileEncoding = 4; lastKnownFileType = sourcecode.c.h; path = ORSSerialRequest.h; sourceTree = "<group>"; };
		E3968BE61D1A677700803B6C /* ORSSerialRequest.m */ = {isa = PBXFileReference; fileEncoding = 4; lastKnownFileType = sourcecode.c.objc; path = ORSSerialRequest.m; sourceTree = "<group>"; };
		E3968BE81D1A677700803B6C /* TGSEEGPower.h */ = {isa = PBXFileReference; fileEncoding = 4; lastKnownFileType = sourcecode.c.h; path = TGSEEGPower.h; sourceTree = "<group>"; };
		E3968BE91D1A677700803B6C /* TGSEEGPower.m */ = {isa = PBXFileReference; fileEncoding = 4; lastKnownFileType = sourcecode.c.objc; path = TGSEEGPower.m; sourceTree = "<group>"; };
		E3968BEA1D1A677700803B6C /* TGSIParser.h */ = {isa = PBXFileReference; fileEncoding = 4; lastKnownFileType = sourcecode.c.h; path = TGSIParser.h; sourceTree = "<group>"; };
		E3968BEB1D1A677700803B6C /* TGSIParser.m */ = {isa = PBXFileReference; fileEncoding = 4; lastKnownFileType = sourcecode.c.objc; path = TGSIParser.m; sourceTree = "<group>"; };
		E3968BEC1D1A677700803B6C /* TGSNormalParser.h */ = {isa = PBXFileReference; fileEncoding = 4; lastKnownFileType = sourcecode.c.h; path = TGSNormalParser.h; sourceTree = "<group>"; };
		E3968BED1D1A677700803B6C /* TGSNormalParser.m */ = {isa = PBXFileReference; fileEncoding = 4; lastKnownFileType = sourcecode.c.objc; path = TGSNormalParser.m; sourceTree = "<group>"; xcLanguageSpecificationIdentifier = xcode.lang.objc; };
		E3968BEE1D1A677700803B6C /* TGStreamDelegate.h */ = {isa = PBXFileReference; fileEncoding = 4; lastKnownFileType = sourcecode.c.h; name = TGStreamDelegate.h; path = ../../TGStreamMac/parser/TGStreamDelegate.h; sourceTree = "<group>"; };
		E3968BEF1D1A677700803B6C /* TGStreamEnum.h */ = {isa = PBXFileReference; fileEncoding = 4; lastKnownFileType = sourcecode.c.h; path = TGStreamEnum.h; sourceTree = "<group>"; };
		E3968BF01D1A677700803B6C /* TGSFileLogMacro.h */ = {isa = PBXFileReference; fileEncoding = 4; lastKnownFileType = sourcecode.c.h; name = TGSFileLogMacro.h; path = ../../TGStreamMac/TGSFileLogMacro.h; sourceTree = "<group>"; xcLanguageSpecificationIdentifier = xcode.lang.objcpp; };
		E3968BF11D1A677700803B6C /* TGSFileLogMacro.m */ = {isa = PBXFileReference; fileEncoding = 4; lastKnownFileType = sourcecode.c.objc; name = TGSFileLogMacro.m; path = ../../TGStreamMac/TGSFileLogMacro.m; sourceTree = "<group>"; };
		E3968BF21D1A677700803B6C /* TGStreamForMac.h */ = {isa = PBXFileReference; fileEncoding = 4; lastKnownFileType = sourcecode.c.h; name = TGStreamForMac.h; path = ../../TGStreamMac/TGStreamForMac.h; sourceTree = "<group>"; };
		E3968BF31D1A677700803B6C /* TGStreamForMac.m */ = {isa = PBXFileReference; fileEncoding = 4; lastKnownFileType = sourcecode.c.objc; name = TGStreamForMac.m; path = ../../TGStreamMac/TGStreamForMac.m; sourceTree = "<group>"; };
		E3968BF41D1A677700803B6C /* utility.h */ = {isa = PBXFileReference; fileEncoding = 4; lastKnownFileType = sourcecode.c.h; name = utility.h; path = ../../TGStreamMac/utility.h; sourceTree = "<group>"; };
		E3968BF51D1A677700803B6C /* utility.m */ = {isa = PBXFileReference; fileEncoding = 4; lastKnownFileType = sourcecode.c.objc; name = utility.m; path = ../../TGStreamMac/utility.m; sourceTree = "<group>"; };
		E3968C001D1A8ADE00803B6C /* ORSSerialBuffer.h */ = {isa = PBXFileReference; fileEncoding = 4; lastKnownFileType = sourcecode.c.h; path = ORSSerialBuffer.h; sourceTree = "<group>"; };
		E3968C011D1A8ADE00803B6C /* ORSSerialBuffer.m */ = {isa = PBXFileReference; fileEncoding = 4; lastKnownFileType = sourcecode.c.objc; path = ORSSerialBuffer.m; sourceTree = "<group>"; };
		E3968C021D1A8ADE00803B6C /* ORSSerialPacketDescriptor.h */ = {isa = PBXFileReference; fileEncoding = 4; lastKnownFileType = sourcecode.c.h; path = ORSSerialPacketDescriptor.h; sourceTree = "<group>"; };
		E3968C031D1A8ADE00803B6C /* ORSSerialPacketDescriptor.m */ = {isa = PBXFileReference; fileEncoding = 4; lastKnownFileType = sourcecode.c.objc; path = ORSSerialPacketDescriptor.m; sourceTree = "<group>"; };
		E3AD03201D337A8C000901F3 /* TGBlink.h */ = {isa = PBXFileReference; fileEncoding = 4; lastKnownFileType = sourcecode.c.h; path = TGBlink.h; sourceTree = "<group>"; };
		E3AD03211D337A8C000901F3 /* TGBlink.m */ = {isa = PBXFileReference; fileEncoding = 4; lastKnownFileType = sourcecode.c.objc; path = TGBlink.m; sourceTree = "<group>"; };
/* End PBXFileReference section */

/* Begin PBXFrameworksBuildPhase section */
		D09C803E1B79A3910090EC2A /* Frameworks */ = {
			isa = PBXFrameworksBuildPhase;
			buildActionMask = 2147483647;
			files = (
			);
			runOnlyForDeploymentPostprocessing = 0;
		};
		D09C80511B79A3910090EC2A /* Frameworks */ = {
			isa = PBXFrameworksBuildPhase;
			buildActionMask = 2147483647;
			files = (
			);
			runOnlyForDeploymentPostprocessing = 0;
		};
/* End PBXFrameworksBuildPhase section */

/* Begin PBXGroup section */
		D09C80381B79A3910090EC2A = {
			isa = PBXGroup;
			children = (
				D09C80431B79A3910090EC2A /* TGStreamMacDemo */,
				D09C80571B79A3910090EC2A /* TGStreamMacDemoTests */,
				D09C80421B79A3910090EC2A /* Products */,
			);
			sourceTree = "<group>";
		};
		D09C80421B79A3910090EC2A /* Products */ = {
			isa = PBXGroup;
			children = (
				D09C80411B79A3910090EC2A /* TGStreamMacDemo.app */,
				D09C80541B79A3910090EC2A /* TGStreamMacDemoTests.xctest */,
			);
			name = Products;
			sourceTree = "<group>";
		};
		D09C80431B79A3910090EC2A /* TGStreamMacDemo */ = {
			isa = PBXGroup;
			children = (
				E374F6FC1D9B9E0A00CB33D8 /* TGStreamMacDemo.entitlements */,
				E3B678E11BCCEC8E0084621F /* SDK */,
				D09C806E1B79B9420090EC2A /* sampleData */,
				D09C80461B79A3910090EC2A /* AppDelegate.h */,
				D09C80471B79A3910090EC2A /* AppDelegate.m */,
				D09C804B1B79A3910090EC2A /* Images.xcassets */,
				D09C804D1B79A3910090EC2A /* MainMenu.xib */,
				D09C80441B79A3910090EC2A /* Supporting Files */,
			);
			path = TGStreamMacDemo;
			sourceTree = "<group>";
		};
		D09C80441B79A3910090EC2A /* Supporting Files */ = {
			isa = PBXGroup;
			children = (
				D09C80451B79A3910090EC2A /* Info.plist */,
				D09C80491B79A3910090EC2A /* main.m */,
			);
			name = "Supporting Files";
			sourceTree = "<group>";
		};
		D09C80571B79A3910090EC2A /* TGStreamMacDemoTests */ = {
			isa = PBXGroup;
			children = (
				D09C805A1B79A3910090EC2A /* TGStreamMacDemoTests.m */,
				D09C80581B79A3910090EC2A /* Supporting Files */,
			);
			path = TGStreamMacDemoTests;
			sourceTree = "<group>";
		};
		D09C80581B79A3910090EC2A /* Supporting Files */ = {
			isa = PBXGroup;
			children = (
				D09C80591B79A3910090EC2A /* Info.plist */,
			);
			name = "Supporting Files";
			sourceTree = "<group>";
		};
		D09C806E1B79B9420090EC2A /* sampleData */ = {
			isa = PBXGroup;
			children = (
				D09C806F1B79B9590090EC2A /* OneCheckSumFail.txt */,
				D09C80701B79B9590090EC2A /* sample_data.txt */,
			);
			name = sampleData;
			sourceTree = "<group>";
		};
		E3968BE01D1A677700803B6C /* orserialPort */ = {
			isa = PBXGroup;
			children = (
				E3968C001D1A8ADE00803B6C /* ORSSerialBuffer.h */,
				E3968C011D1A8ADE00803B6C /* ORSSerialBuffer.m */,
				E3968C021D1A8ADE00803B6C /* ORSSerialPacketDescriptor.h */,
				E3968C031D1A8ADE00803B6C /* ORSSerialPacketDescriptor.m */,
				E3968BE11D1A677700803B6C /* ORSSerialPort.h */,
				E3968BE21D1A677700803B6C /* ORSSerialPort.m */,
				E3968BE31D1A677700803B6C /* ORSSerialPortManager.h */,
				E3968BE41D1A677700803B6C /* ORSSerialPortManager.m */,
				E3968BE51D1A677700803B6C /* ORSSerialRequest.h */,
				E3968BE61D1A677700803B6C /* ORSSerialRequest.m */,
			);
			name = orserialPort;
			path = ../../TGStreamMac/orserialPort;
			sourceTree = "<group>";
		};
		E3968BE71D1A677700803B6C /* parser */ = {
			isa = PBXGroup;
			children = (
				E3AD03201D337A8C000901F3 /* TGBlink.h */,
				E3AD03211D337A8C000901F3 /* TGBlink.m */,
				E3968BE81D1A677700803B6C /* TGSEEGPower.h */,
				E3968BE91D1A677700803B6C /* TGSEEGPower.m */,
				E3968BEA1D1A677700803B6C /* TGSIParser.h */,
				E3968BEB1D1A677700803B6C /* TGSIParser.m */,
				E3968BEC1D1A677700803B6C /* TGSNormalParser.h */,
				E3968BED1D1A677700803B6C /* TGSNormalParser.m */,
				E3968BEF1D1A677700803B6C /* TGStreamEnum.h */,
			);
			name = parser;
			path = ../../TGStreamMac/parser;
			sourceTree = "<group>";
		};
		E3B678E11BCCEC8E0084621F /* SDK */ = {
			isa = PBXGroup;
			children = (
				E3968BDF1D1A677700803B6C /* Info.plist */,
				E3968BE01D1A677700803B6C /* orserialPort */,
				E3968BE71D1A677700803B6C /* parser */,
				E3968BF01D1A677700803B6C /* TGSFileLogMacro.h */,
				E3968BF11D1A677700803B6C /* TGSFileLogMacro.m */,
				E3968BF21D1A677700803B6C /* TGStreamForMac.h */,
				E3968BF31D1A677700803B6C /* TGStreamForMac.m */,
				E3968BEE1D1A677700803B6C /* TGStreamDelegate.h */,
				E3968BF41D1A677700803B6C /* utility.h */,
				E3968BF51D1A677700803B6C /* utility.m */,
			);
			name = SDK;
			sourceTree = "<group>";
		};
/* End PBXGroup section */

/* Begin PBXNativeTarget section */
		D09C80401B79A3910090EC2A /* TGStreamMacDemo */ = {
			isa = PBXNativeTarget;
			buildConfigurationList = D09C805E1B79A3910090EC2A /* Build configuration list for PBXNativeTarget "TGStreamMacDemo" */;
			buildPhases = (
				D09C803D1B79A3910090EC2A /* Sources */,
				D09C803E1B79A3910090EC2A /* Frameworks */,
				D09C803F1B79A3910090EC2A /* Resources */,
				D09C806D1B79B8F10090EC2A /* Embed Frameworks */,
			);
			buildRules = (
			);
			dependencies = (
			);
			name = TGStreamMacDemo;
			productName = TGStreamMacDemo;
			productReference = D09C80411B79A3910090EC2A /* TGStreamMacDemo.app */;
			productType = "com.apple.product-type.application";
		};
		D09C80531B79A3910090EC2A /* TGStreamMacDemoTests */ = {
			isa = PBXNativeTarget;
			buildConfigurationList = D09C80611B79A3910090EC2A /* Build configuration list for PBXNativeTarget "TGStreamMacDemoTests" */;
			buildPhases = (
				D09C80501B79A3910090EC2A /* Sources */,
				D09C80511B79A3910090EC2A /* Frameworks */,
				D09C80521B79A3910090EC2A /* Resources */,
			);
			buildRules = (
			);
			dependencies = (
				D09C80561B79A3910090EC2A /* PBXTargetDependency */,
			);
			name = TGStreamMacDemoTests;
			productName = TGStreamMacDemoTests;
			productReference = D09C80541B79A3910090EC2A /* TGStreamMacDemoTests.xctest */;
			productType = "com.apple.product-type.bundle.unit-test";
		};
/* End PBXNativeTarget section */

/* Begin PBXProject section */
		D09C80391B79A3910090EC2A /* Project object */ = {
			isa = PBXProject;
			attributes = {
				LastUpgradeCheck = 0640;
				ORGANIZATIONNAME = NeuroSky;
				TargetAttributes = {
					D09C80401B79A3910090EC2A = {
						CreatedOnToolsVersion = 6.4;
						SystemCapabilities = {
							com.apple.Keychain = {
								enabled = 0;
							};
							com.apple.Sandbox = {
								enabled = 1;
							};
						};
					};
					D09C80531B79A3910090EC2A = {
						CreatedOnToolsVersion = 6.4;
						TestTargetID = D09C80401B79A3910090EC2A;
					};
				};
			};
			buildConfigurationList = D09C803C1B79A3910090EC2A /* Build configuration list for PBXProject "TGStreamMacDemo" */;
			compatibilityVersion = "Xcode 3.2";
			developmentRegion = English;
			hasScannedForEncodings = 0;
			knownRegions = (
				en,
				Base,
			);
			mainGroup = D09C80381B79A3910090EC2A;
			productRefGroup = D09C80421B79A3910090EC2A /* Products */;
			projectDirPath = "";
			projectRoot = "";
			targets = (
				D09C80401B79A3910090EC2A /* TGStreamMacDemo */,
				D09C80531B79A3910090EC2A /* TGStreamMacDemoTests */,
			);
		};
/* End PBXProject section */

/* Begin PBXResourcesBuildPhase section */
		D09C803F1B79A3910090EC2A /* Resources */ = {
			isa = PBXResourcesBuildPhase;
			buildActionMask = 2147483647;
			files = (
				D09C80721B79B9590090EC2A /* sample_data.txt in Resources */,
				D09C804C1B79A3910090EC2A /* Images.xcassets in Resources */,
				D09C80711B79B9590090EC2A /* OneCheckSumFail.txt in Resources */,
				E3968BF61D1A677700803B6C /* Info.plist in Resources */,
				D09C804F1B79A3910090EC2A /* MainMenu.xib in Resources */,
			);
			runOnlyForDeploymentPostprocessing = 0;
		};
		D09C80521B79A3910090EC2A /* Resources */ = {
			isa = PBXResourcesBuildPhase;
			buildActionMask = 2147483647;
			files = (
			);
			runOnlyForDeploymentPostprocessing = 0;
		};
/* End PBXResourcesBuildPhase section */

/* Begin PBXSourcesBuildPhase section */
		D09C803D1B79A3910090EC2A /* Sources */ = {
			isa = PBXSourcesBuildPhase;
			buildActionMask = 2147483647;
			files = (
				E3968BFC1D1A677700803B6C /* TGSNormalParser.m in Sources */,
				E3968BF71D1A677700803B6C /* ORSSerialPort.m in Sources */,
				E3968C041D1A8ADE00803B6C /* ORSSerialBuffer.m in Sources */,
				E3AD03221D337A8C000901F3 /* TGBlink.m in Sources */,
				E3968BFB1D1A677700803B6C /* TGSIParser.m in Sources */,
				E3968BF81D1A677700803B6C /* ORSSerialPortManager.m in Sources */,
				E3968BFE1D1A677700803B6C /* TGStreamForMac.m in Sources */,
				E3968C051D1A8ADE00803B6C /* ORSSerialPacketDescriptor.m in Sources */,
				E3968BFF1D1A677700803B6C /* utility.m in Sources */,
				D09C804A1B79A3910090EC2A /* main.m in Sources */,
				E3968BFD1D1A677700803B6C /* TGSFileLogMacro.m in Sources */,
				D09C80481B79A3910090EC2A /* AppDelegate.m in Sources */,
				E3968BFA1D1A677700803B6C /* TGSEEGPower.m in Sources */,
				E3968BF91D1A677700803B6C /* ORSSerialRequest.m in Sources */,
			);
			runOnlyForDeploymentPostprocessing = 0;
		};
		D09C80501B79A3910090EC2A /* Sources */ = {
			isa = PBXSourcesBuildPhase;
			buildActionMask = 2147483647;
			files = (
				D09C805B1B79A3910090EC2A /* TGStreamMacDemoTests.m in Sources */,
			);
			runOnlyForDeploymentPostprocessing = 0;
		};
/* End PBXSourcesBuildPhase section */

/* Begin PBXTargetDependency section */
		D09C80561B79A3910090EC2A /* PBXTargetDependency */ = {
			isa = PBXTargetDependency;
			target = D09C80401B79A3910090EC2A /* TGStreamMacDemo */;
			targetProxy = D09C80551B79A3910090EC2A /* PBXContainerItemProxy */;
		};
/* End PBXTargetDependency section */

/* Begin PBXVariantGroup section */
		D09C804D1B79A3910090EC2A /* MainMenu.xib */ = {
			isa = PBXVariantGroup;
			children = (
				D09C804E1B79A3910090EC2A /* Base */,
			);
			name = MainMenu.xib;
			sourceTree = "<group>";
		};
/* End PBXVariantGroup section */

/* Begin XCBuildConfiguration section */
		D09C805C1B79A3910090EC2A /* Debug */ = {
			isa = XCBuildConfiguration;
			buildSettings = {
				ALWAYS_SEARCH_USER_PATHS = NO;
				CLANG_CXX_LANGUAGE_STANDARD = "gnu++0x";
				CLANG_CXX_LIBRARY = "libc++";
				CLANG_ENABLE_MODULES = YES;
				CLANG_ENABLE_OBJC_ARC = YES;
				CLANG_WARN_BOOL_CONVERSION = YES;
				CLANG_WARN_CONSTANT_CONVERSION = YES;
				CLANG_WARN_DIRECT_OBJC_ISA_USAGE = YES_ERROR;
				CLANG_WARN_EMPTY_BODY = YES;
				CLANG_WARN_ENUM_CONVERSION = YES;
				CLANG_WARN_INT_CONVERSION = YES;
				CLANG_WARN_OBJC_ROOT_CLASS = YES_ERROR;
				CLANG_WARN_UNREACHABLE_CODE = YES;
				CLANG_WARN__DUPLICATE_METHOD_MATCH = YES;
				CODE_SIGN_IDENTITY = "-";
				COPY_PHASE_STRIP = NO;
				DEBUG_INFORMATION_FORMAT = dwarf;
				ENABLE_STRICT_OBJC_MSGSEND = YES;
				GCC_C_LANGUAGE_STANDARD = gnu99;
				GCC_DYNAMIC_NO_PIC = NO;
				GCC_NO_COMMON_BLOCKS = YES;
				GCC_OPTIMIZATION_LEVEL = 0;
				GCC_PREPROCESSOR_DEFINITIONS = (
					"DEBUG=1",
					"$(inherited)",
				);
				GCC_SYMBOLS_PRIVATE_EXTERN = NO;
				GCC_WARN_64_TO_32_BIT_CONVERSION = YES;
				GCC_WARN_ABOUT_RETURN_TYPE = YES_ERROR;
				GCC_WARN_UNDECLARED_SELECTOR = YES;
				GCC_WARN_UNINITIALIZED_AUTOS = YES_AGGRESSIVE;
				GCC_WARN_UNUSED_FUNCTION = YES;
				GCC_WARN_UNUSED_VARIABLE = YES;
				MACOSX_DEPLOYMENT_TARGET = 10.6;
				MTL_ENABLE_DEBUG_INFO = YES;
				ONLY_ACTIVE_ARCH = YES;
				SDKROOT = macosx;
			};
			name = Debug;
		};
		D09C805D1B79A3910090EC2A /* Release */ = {
			isa = XCBuildConfiguration;
			buildSettings = {
				ALWAYS_SEARCH_USER_PATHS = NO;
				CLANG_CXX_LANGUAGE_STANDARD = "gnu++0x";
				CLANG_CXX_LIBRARY = "libc++";
				CLANG_ENABLE_MODULES = YES;
				CLANG_ENABLE_OBJC_ARC = YES;
				CLANG_WARN_BOOL_CONVERSION = YES;
				CLANG_WARN_CONSTANT_CONVERSION = YES;
				CLANG_WARN_DIRECT_OBJC_ISA_USAGE = YES_ERROR;
				CLANG_WARN_EMPTY_BODY = YES;
				CLANG_WARN_ENUM_CONVERSION = YES;
				CLANG_WARN_INT_CONVERSION = YES;
				CLANG_WARN_OBJC_ROOT_CLASS = YES_ERROR;
				CLANG_WARN_UNREACHABLE_CODE = YES;
				CLANG_WARN__DUPLICATE_METHOD_MATCH = YES;
				CODE_SIGN_IDENTITY = "-";
				COPY_PHASE_STRIP = NO;
				DEBUG_INFORMATION_FORMAT = "dwarf-with-dsym";
				ENABLE_NS_ASSERTIONS = NO;
				ENABLE_STRICT_OBJC_MSGSEND = YES;
				GCC_C_LANGUAGE_STANDARD = gnu99;
				GCC_NO_COMMON_BLOCKS = YES;
				GCC_WARN_64_TO_32_BIT_CONVERSION = YES;
				GCC_WARN_ABOUT_RETURN_TYPE = YES_ERROR;
				GCC_WARN_UNDECLARED_SELECTOR = YES;
				GCC_WARN_UNINITIALIZED_AUTOS = YES_AGGRESSIVE;
				GCC_WARN_UNUSED_FUNCTION = YES;
				GCC_WARN_UNUSED_VARIABLE = YES;
				MACOSX_DEPLOYMENT_TARGET = 10.6;
				MTL_ENABLE_DEBUG_INFO = NO;
				SDKROOT = macosx;
			};
			name = Release;
		};
		D09C805F1B79A3910090EC2A /* Debug */ = {
			isa = XCBuildConfiguration;
			buildSettings = {
				ARCHS = "$(ARCHS_STANDARD)";
				ASSETCATALOG_COMPILER_APPICON_NAME = AppIcon;
				CODE_SIGN_ENTITLEMENTS = TGStreamMacDemo/TGStreamMacDemo.entitlements;
				COMBINE_HIDPI_IMAGES = YES;
				FRAMEWORK_SEARCH_PATHS = (
					"$(inherited)",
					"$(PROJECT_DIR)/TGStreamMacDemo/framework",
				);
				INFOPLIST_FILE = TGStreamMacDemo/Info.plist;
				LD_RUNPATH_SEARCH_PATHS = "$(inherited) @executable_path/../Frameworks";
				MACOSX_DEPLOYMENT_TARGET = 10.8;
				ONLY_ACTIVE_ARCH = YES;
				PRODUCT_NAME = "$(TARGET_NAME)";
				VALID_ARCHS = x86_64;
			};
			name = Debug;
		};
		D09C80601B79A3910090EC2A /* Release */ = {
			isa = XCBuildConfiguration;
			buildSettings = {
				ARCHS = "$(ARCHS_STANDARD)";
				ASSETCATALOG_COMPILER_APPICON_NAME = AppIcon;
				CODE_SIGN_ENTITLEMENTS = TGStreamMacDemo/TGStreamMacDemo.entitlements;
				COMBINE_HIDPI_IMAGES = YES;
				FRAMEWORK_SEARCH_PATHS = (
					"$(inherited)",
					"$(PROJECT_DIR)/TGStreamMacDemo/framework",
				);
				INFOPLIST_FILE = TGStreamMacDemo/Info.plist;
				LD_RUNPATH_SEARCH_PATHS = "$(inherited) @executable_path/../Frameworks";
				MACOSX_DEPLOYMENT_TARGET = 10.8;
				PRODUCT_NAME = "$(TARGET_NAME)";
				VALID_ARCHS = x86_64;
			};
			name = Release;
		};
		D09C80621B79A3910090EC2A /* Debug */ = {
			isa = XCBuildConfiguration;
			buildSettings = {
				BUNDLE_LOADER = "$(TEST_HOST)";
				COMBINE_HIDPI_IMAGES = YES;
				FRAMEWORK_SEARCH_PATHS = (
					"$(DEVELOPER_FRAMEWORKS_DIR)",
					"$(inherited)",
				);
				GCC_PREPROCESSOR_DEFINITIONS = (
					"DEBUG=1",
					"$(inherited)",
				);
				INFOPLIST_FILE = TGStreamMacDemoTests/Info.plist;
				LD_RUNPATH_SEARCH_PATHS = "$(inherited) @executable_path/../Frameworks @loader_path/../Frameworks";
				PRODUCT_NAME = "$(TARGET_NAME)";
				TEST_HOST = "$(BUILT_PRODUCTS_DIR)/TGStreamMacDemo.app/Contents/MacOS/TGStreamMacDemo";
			};
			name = Debug;
		};
		D09C80631B79A3910090EC2A /* Release */ = {
			isa = XCBuildConfiguration;
			buildSettings = {
				BUNDLE_LOADER = "$(TEST_HOST)";
				COMBINE_HIDPI_IMAGES = YES;
				FRAMEWORK_SEARCH_PATHS = (
					"$(DEVELOPER_FRAMEWORKS_DIR)",
					"$(inherited)",
				);
				INFOPLIST_FILE = TGStreamMacDemoTests/Info.plist;
				LD_RUNPATH_SEARCH_PATHS = "$(inherited) @executable_path/../Frameworks @loader_path/../Frameworks";
				PRODUCT_NAME = "$(TARGET_NAME)";
				TEST_HOST = "$(BUILT_PRODUCTS_DIR)/TGStreamMacDemo.app/Contents/MacOS/TGStreamMacDemo";
			};
			name = Release;
		};
/* End XCBuildConfiguration section */

/* Begin XCConfigurationList section */
		D09C803C1B79A3910090EC2A /* Build configuration list for PBXProject "TGStreamMacDemo" */ = {
			isa = XCConfigurationList;
			buildConfigurations = (
				D09C805C1B79A3910090EC2A /* Debug */,
				D09C805D1B79A3910090EC2A /* Release */,
			);
			defaultConfigurationIsVisible = 0;
			defaultConfigurationName = Release;
		};
		D09C805E1B79A3910090EC2A /* Build configuration list for PBXNativeTarget "TGStreamMacDemo" */ = {
			isa = XCConfigurationList;
			buildConfigurations = (
				D09C805F1B79A3910090EC2A /* Debug */,
				D09C80601B79A3910090EC2A /* Release */,
			);
			defaultConfigurationIsVisible = 0;
			defaultConfigurationName = Release;
		};
		D09C80611B79A3910090EC2A /* Build configuration list for PBXNativeTarget "TGStreamMacDemoTests" */ = {
			isa = XCConfigurationList;
			buildConfigurations = (
				D09C80621B79A3910090EC2A /* Debug */,
				D09C80631B79A3910090EC2A /* Release */,
			);
			defaultConfigurationIsVisible = 0;
			defaultConfigurationName = Release;
		};
/* End XCConfigurationList section */
	};
	rootObject = D09C80391B79A3910090EC2A /* Project object */;
}
